
Microsoft Visual Studio Solution File, Format Version 12.00
# Visual Studio Version 16
VisualStudioVersion = 16.0.30907.101
MinimumVisualStudioVersion = 10.0.40219.1
Project("{FAE04EC0-301F-11D3-BF4B-00C04F79EFBC}") = "HarshWorld", "HarshWorld\HarshWorld.csproj", "{9671D904-48F2-4588-B339-71E5DAC403DE}"
EndProject
Global
	GlobalSection(SolutionConfigurationPlatforms) = preSolution
		Debug|Any CPU = Debug|Any CPU
		Release|Any CPU = Release|Any CPU
	EndGlobalSection
	GlobalSection(ProjectConfigurationPlatforms) = postSolution
		{9671D904-48F2-4588-B339-71E5DAC403DE}.Debug|Any CPU.ActiveCfg = Debug|Any CPU
		{9671D904-48F2-4588-B339-71E5DAC403DE}.Debug|Any CPU.Build.0 = Debug|Any CPU
		{9671D904-48F2-4588-B339-71E5DAC403DE}.Release|Any CPU.ActiveCfg = Release|Any CPU
		{9671D904-48F2-4588-B339-71E5DAC403DE}.Release|Any CPU.Build.0 = Release|Any CPU
	EndGlobalSection
	GlobalSection(SolutionProperties) = preSolution
		HideSolutionNode = FALSE
	EndGlobalSection
	GlobalSection(ExtensibilityGlobals) = postSolution
		SolutionGuid = {2B96F109-ED0E-40CE-996D-C7414F119EE3}
	EndGlobalSection
EndGlobal
